
Microsoft Visual Studio Solution File, Format Version 12.00
# Visual Studio Version 16
VisualStudioVersion = 16.0.31410.357
MinimumVisualStudioVersion = 10.0.40219.1
Project("{FAE04EC0-301F-11D3-BF4B-00C04F79EFBC}") = "All-In-1 Planning", "All-In-1 Planning\All-In-1 Planning.csproj", "{B4830508-9903-4019-A32D-801DCB4E5597}"
EndProject
Global
	GlobalSection(SolutionConfigurationPlatforms) = preSolution
		Debug|Any CPU = Debug|Any CPU
		Release|Any CPU = Release|Any CPU
	EndGlobalSection
	GlobalSection(ProjectConfigurationPlatforms) = postSolution
		{B4830508-9903-4019-A32D-801DCB4E5597}.Debug|Any CPU.ActiveCfg = Debug|Any CPU
		{B4830508-9903-4019-A32D-801DCB4E5597}.Debug|Any CPU.Build.0 = Debug|Any CPU
		{B4830508-9903-4019-A32D-801DCB4E5597}.Release|Any CPU.ActiveCfg = Release|Any CPU
		{B4830508-9903-4019-A32D-801DCB4E5597}.Release|Any CPU.Build.0 = Release|Any CPU
	EndGlobalSection
	GlobalSection(SolutionProperties) = preSolution
		HideSolutionNode = FALSE
	EndGlobalSection
	GlobalSection(ExtensibilityGlobals) = postSolution
		SolutionGuid = {FCEAE80E-CA9F-4EC7-8273-93CBD48FB280}
	EndGlobalSection
EndGlobal
